
Microsoft Visual Studio Solution File, Format Version 12.00
# Visual Studio Version 16
VisualStudioVersion = 16.0.31112.23
MinimumVisualStudioVersion = 10.0.40219.1
Project("{9A19103F-16F7-4668-BE54-9A1E7A4F7556}") = "Features", "Features\Features.csproj", "{4E624C22-528D-4271-815B-1E3420334B0F}"
EndProject
Project("{9A19103F-16F7-4668-BE54-9A1E7A4F7556}") = "Queires", "Queires\Queires.csproj", "{B2BA43AC-286A-47F3-AC2B-E52CA37424D2}"
EndProject
Project("{FAE04EC0-301F-11D3-BF4B-00C04F79EFBC}") = "Cars", "Cars\Cars.csproj", "{A179DDDF-A412-494A-96CA-684E1F41B7FD}"
EndProject
Global
	GlobalSection(SolutionConfigurationPlatforms) = preSolution
		Debug|Any CPU = Debug|Any CPU
		Release|Any CPU = Release|Any CPU
	EndGlobalSection
	GlobalSection(ProjectConfigurationPlatforms) = postSolution
		{4E624C22-528D-4271-815B-1E3420334B0F}.Debug|Any CPU.ActiveCfg = Debug|Any CPU
		{4E624C22-528D-4271-815B-1E3420334B0F}.Debug|Any CPU.Build.0 = Debug|Any CPU
		{4E624C22-528D-4271-815B-1E3420334B0F}.Release|Any CPU.ActiveCfg = Release|Any CPU
		{4E624C22-528D-4271-815B-1E3420334B0F}.Release|Any CPU.Build.0 = Release|Any CPU
		{B2BA43AC-286A-47F3-AC2B-E52CA37424D2}.Debug|Any CPU.ActiveCfg = Debug|Any CPU
		{B2BA43AC-286A-47F3-AC2B-E52CA37424D2}.Debug|Any CPU.Build.0 = Debug|Any CPU
		{B2BA43AC-286A-47F3-AC2B-E52CA37424D2}.Release|Any CPU.ActiveCfg = Release|Any CPU
		{B2BA43AC-286A-47F3-AC2B-E52CA37424D2}.Release|Any CPU.Build.0 = Release|Any CPU
		{A179DDDF-A412-494A-96CA-684E1F41B7FD}.Debug|Any CPU.ActiveCfg = Debug|Any CPU
		{A179DDDF-A412-494A-96CA-684E1F41B7FD}.Debug|Any CPU.Build.0 = Debug|Any CPU
		{A179DDDF-A412-494A-96CA-684E1F41B7FD}.Release|Any CPU.ActiveCfg = Release|Any CPU
		{A179DDDF-A412-494A-96CA-684E1F41B7FD}.Release|Any CPU.Build.0 = Release|Any CPU
	EndGlobalSection
	GlobalSection(SolutionProperties) = preSolution
		HideSolutionNode = FALSE
	EndGlobalSection
	GlobalSection(ExtensibilityGlobals) = postSolution
		SolutionGuid = {C8FB6802-ADB9-48E5-AFCB-CB5F93911AC0}
	EndGlobalSection
EndGlobal
